
Microsoft Visual Studio Solution File, Format Version 12.00
# Visual Studio Version 17
VisualStudioVersion = 17.2.32526.322
MinimumVisualStudioVersion = 10.0.40219.1
Project("{9A19103F-16F7-4668-BE54-9A1E7A4F7556}") = "Note", "Note\Note.csproj", "{D069AAA7-37C5-41D3-AF0C-7553E1ED4532}"
EndProject
Project("{FAE04EC0-301F-11D3-BF4B-00C04F79EFBC}") = "Note.InkCanvasEx", "Note.InkCanvasEx\Note.InkCanvasEx.csproj", "{9F557E51-E226-4B54-8897-D8ECFA7BF94C}"
EndProject
Global
	GlobalSection(SolutionConfigurationPlatforms) = preSolution
		Debug|x64 = Debug|x64
		Release|x64 = Release|x64
	EndGlobalSection
	GlobalSection(ProjectConfigurationPlatforms) = postSolution
		{D069AAA7-37C5-41D3-AF0C-7553E1ED4532}.Debug|x64.ActiveCfg = Debug|x64
		{D069AAA7-37C5-41D3-AF0C-7553E1ED4532}.Debug|x64.Build.0 = Debug|x64
		{D069AAA7-37C5-41D3-AF0C-7553E1ED4532}.Release|x64.ActiveCfg = Release|x64
		{D069AAA7-37C5-41D3-AF0C-7553E1ED4532}.Release|x64.Build.0 = Release|x64
		{9F557E51-E226-4B54-8897-D8ECFA7BF94C}.Debug|x64.ActiveCfg = Debug|x64
		{9F557E51-E226-4B54-8897-D8ECFA7BF94C}.Debug|x64.Deploy.0 = Debug|x64
		{9F557E51-E226-4B54-8897-D8ECFA7BF94C}.Release|x64.ActiveCfg = Release|x64
		{9F557E51-E226-4B54-8897-D8ECFA7BF94C}.Release|x64.Deploy.0 = Release|x64
	EndGlobalSection
	GlobalSection(SolutionProperties) = preSolution
		HideSolutionNode = FALSE
	EndGlobalSection
	GlobalSection(ExtensibilityGlobals) = postSolution
		SolutionGuid = {CF0503AC-C2BE-4D08-9F46-8346070502BA}
	EndGlobalSection
EndGlobal
